
Microsoft Visual Studio Solution File, Format Version 12.00
# Visual Studio Version 17
VisualStudioVersion = 17.11.35327.3
MinimumVisualStudioVersion = 10.0.40219.1
Project("{FAE04EC0-301F-11D3-BF4B-00C04F79EFBC}") = "lr1", "lr1.csproj", "{C1691702-A209-4197-A0BA-791D6232BAD0}"
EndProject
Project("{FAE04EC0-301F-11D3-BF4B-00C04F79EFBC}") = "lr2", "..\lr2\lr2.csproj", "{56103967-A6F8-43B1-9018-7D8A49801E64}"
EndProject
Global
	GlobalSection(SolutionConfigurationPlatforms) = preSolution
		Debug|Any CPU = Debug|Any CPU
		Release|Any CPU = Release|Any CPU
	EndGlobalSection
	GlobalSection(ProjectConfigurationPlatforms) = postSolution
		{C1691702-A209-4197-A0BA-791D6232BAD0}.Debug|Any CPU.ActiveCfg = Debug|Any CPU
		{C1691702-A209-4197-A0BA-791D6232BAD0}.Debug|Any CPU.Build.0 = Debug|Any CPU
		{C1691702-A209-4197-A0BA-791D6232BAD0}.Release|Any CPU.ActiveCfg = Release|Any CPU
		{C1691702-A209-4197-A0BA-791D6232BAD0}.Release|Any CPU.Build.0 = Release|Any CPU
		{56103967-A6F8-43B1-9018-7D8A49801E64}.Debug|Any CPU.ActiveCfg = Debug|Any CPU
		{56103967-A6F8-43B1-9018-7D8A49801E64}.Debug|Any CPU.Build.0 = Debug|Any CPU
		{56103967-A6F8-43B1-9018-7D8A49801E64}.Release|Any CPU.ActiveCfg = Release|Any CPU
		{56103967-A6F8-43B1-9018-7D8A49801E64}.Release|Any CPU.Build.0 = Release|Any CPU
	EndGlobalSection
	GlobalSection(SolutionProperties) = preSolution
		HideSolutionNode = FALSE
	EndGlobalSection
	GlobalSection(ExtensibilityGlobals) = postSolution
		SolutionGuid = {2B7EA713-6744-45FE-B8E3-E925C179853B}
	EndGlobalSection
EndGlobal
